
Microsoft Visual Studio Solution File, Format Version 12.00
# Visual Studio Version 17
VisualStudioVersion = 17.6.33815.320
MinimumVisualStudioVersion = 10.0.40219.1
Project("{FAE04EC0-301F-11D3-BF4B-00C04F79EFBC}") = "CityInfo.API", "CityInfo.API.csproj", "{12924D6C-EEBB-4E87-B9CF-8638F9E7634B}"
EndProject
Global
	GlobalSection(SolutionConfigurationPlatforms) = preSolution
		Debug|Any CPU = Debug|Any CPU
		Release|Any CPU = Release|Any CPU
	EndGlobalSection
	GlobalSection(ProjectConfigurationPlatforms) = postSolution
		{12924D6C-EEBB-4E87-B9CF-8638F9E7634B}.Debug|Any CPU.ActiveCfg = Debug|Any CPU
		{12924D6C-EEBB-4E87-B9CF-8638F9E7634B}.Debug|Any CPU.Build.0 = Debug|Any CPU
		{12924D6C-EEBB-4E87-B9CF-8638F9E7634B}.Release|Any CPU.ActiveCfg = Release|Any CPU
		{12924D6C-EEBB-4E87-B9CF-8638F9E7634B}.Release|Any CPU.Build.0 = Release|Any CPU
	EndGlobalSection
	GlobalSection(SolutionProperties) = preSolution
		HideSolutionNode = FALSE
	EndGlobalSection
	GlobalSection(ExtensibilityGlobals) = postSolution
		SolutionGuid = {A157E694-401A-4FFF-8B90-08E80F662E45}
	EndGlobalSection
EndGlobal
